# This file is automatically @generated by Cargo.
# It is not intended for manual editing.
version = 4

[[package]]
name = "memchr"
version = "2.8.3"
source = "registry+https://github.com/rust-lang/crates.io-index"
checksum = "cf8baf1c55e62ffcace7a9f06f4bd9cd3f0c4beb022d3b367256b91b87513d98"

[[package]]
name = "winnow"
version = "0.6.26"
source = "registry+https://github.com/rust-lang/crates.io-index"
checksum = "1e90edd2ac1aa278a5c4599b1d89cf03074b610800f866d4026dc199d7929a28"
dependencies = [
 "memchr",
]

[[package]]
name = "winnow_parse_espf"
version = "0.1.0"
dependencies = [
 "winnow",
]
